
Microsoft Visual Studio Solution File, Format Version 12.00
# Visual Studio 15
VisualStudioVersion = 15.0.28307.329
MinimumVisualStudioVersion = 10.0.40219.1
Project("{9A19103F-16F7-4668-BE54-9A1E7A4F7556}") = "SoloX.GeneratorTools.Core.CSharp", "src\libs\SoloX.GeneratorTools.Core.CSharp\SoloX.GeneratorTools.Core.CSharp.csproj", "{00C1A1CF-5231-481F-A3B9-A83A6DEF4B72}"
EndProject
Project("{9A19103F-16F7-4668-BE54-9A1E7A4F7556}") = "SoloX.GeneratorTools.Core.CSharp.Sample1", "src\tests\SoloX.GeneratorTools.Core.CSharp.Sample1\SoloX.GeneratorTools.Core.CSharp.Sample1.csproj", "{E53BA4EC-3ABB-46BC-ABF0-B441B27A07E5}"
EndProject
Project("{9A19103F-16F7-4668-BE54-9A1E7A4F7556}") = "SoloX.GeneratorTools.Core.CSharp.Sample2", "src\tests\SoloX.GeneratorTools.Core.CSharp.Sample2\SoloX.GeneratorTools.Core.CSharp.Sample2.csproj", "{CA580971-054E-4627-8067-F70DB3E6A65C}"
EndProject
Project("{9A19103F-16F7-4668-BE54-9A1E7A4F7556}") = "SoloX.GeneratorTools.Core.CSharp.UTest", "src\tests\SoloX.GeneratorTools.Core.CSharp.UTest\SoloX.GeneratorTools.Core.CSharp.UTest.csproj", "{13DC9B11-F929-4796-9E81-8E4291E917BB}"
EndProject
Project("{9A19103F-16F7-4668-BE54-9A1E7A4F7556}") = "SoloX.GeneratorTools.Core.CSharp.ITest", "src\tests\SoloX.GeneratorTools.Core.CSharp.ITest\SoloX.GeneratorTools.Core.CSharp.ITest.csproj", "{424CFBC6-56E1-44A7-819C-038FFA969CC9}"
EndProject
Project("{9A19103F-16F7-4668-BE54-9A1E7A4F7556}") = "SoloX.GeneratorTools.Core.CSharp.Examples", "src\examples\SoloX.GeneratorTools.Core.CSharp.Examples\SoloX.GeneratorTools.Core.CSharp.Examples.csproj", "{BE23BAE7-2C29-4D02-B25C-EDD7EA039F55}"
EndProject
Project("{9A19103F-16F7-4668-BE54-9A1E7A4F7556}") = "SoloX.GeneratorTools.Core", "src\libs\SoloX.GeneratorTools.Core\SoloX.GeneratorTools.Core.csproj", "{CD41BBD2-3AB6-4C78-ABD8-DC551620C572}"
EndProject
Project("{9A19103F-16F7-4668-BE54-9A1E7A4F7556}") = "SoloX.GeneratorTools.Core.CSharp.Examples.Sample", "src\examples\SoloX.GeneratorTools.Core.CSharp.Examples.Sample\SoloX.GeneratorTools.Core.CSharp.Examples.Sample.csproj", "{D8C335A7-9779-4F01-B481-6BFF3050179A}"
EndProject
Project("{2150E333-8FDC-42A3-9474-1A3956D46DE8}") = "Libs", "Libs", "{79744D96-CD07-4319-89CE-32347E6C1482}"
EndProject
Project("{2150E333-8FDC-42A3-9474-1A3956D46DE8}") = "Examples", "Examples", "{C6B09C62-ABA8-44EA-9459-2F2E67A22706}"
EndProject
Project("{2150E333-8FDC-42A3-9474-1A3956D46DE8}") = "Tests", "Tests", "{411B11DF-0D32-4F3C-AD60-7EA9D87A240D}"
EndProject
Global
	GlobalSection(SolutionConfigurationPlatforms) = preSolution
		Debug|Any CPU = Debug|Any CPU
		Release|Any CPU = Release|Any CPU
	EndGlobalSection
	GlobalSection(ProjectConfigurationPlatforms) = postSolution
		{00C1A1CF-5231-481F-A3B9-A83A6DEF4B72}.Debug|Any CPU.ActiveCfg = Debug|Any CPU
		{00C1A1CF-5231-481F-A3B9-A83A6DEF4B72}.Debug|Any CPU.Build.0 = Debug|Any CPU
		{00C1A1CF-5231-481F-A3B9-A83A6DEF4B72}.Release|Any CPU.ActiveCfg = Release|Any CPU
		{00C1A1CF-5231-481F-A3B9-A83A6DEF4B72}.Release|Any CPU.Build.0 = Release|Any CPU
		{E53BA4EC-3ABB-46BC-ABF0-B441B27A07E5}.Debug|Any CPU.ActiveCfg = Debug|Any CPU
		{E53BA4EC-3ABB-46BC-ABF0-B441B27A07E5}.Debug|Any CPU.Build.0 = Debug|Any CPU
		{E53BA4EC-3ABB-46BC-ABF0-B441B27A07E5}.Release|Any CPU.ActiveCfg = Release|Any CPU
		{E53BA4EC-3ABB-46BC-ABF0-B441B27A07E5}.Release|Any CPU.Build.0 = Release|Any CPU
		{CA580971-054E-4627-8067-F70DB3E6A65C}.Debug|Any CPU.ActiveCfg = Debug|Any CPU
		{CA580971-054E-4627-8067-F70DB3E6A65C}.Debug|Any CPU.Build.0 = Debug|Any CPU
		{CA580971-054E-4627-8067-F70DB3E6A65C}.Release|Any CPU.ActiveCfg = Release|Any CPU
		{CA580971-054E-4627-8067-F70DB3E6A65C}.Release|Any CPU.Build.0 = Release|Any CPU
		{13DC9B11-F929-4796-9E81-8E4291E917BB}.Debug|Any CPU.ActiveCfg = Debug|Any CPU
		{13DC9B11-F929-4796-9E81-8E4291E917BB}.Debug|Any CPU.Build.0 = Debug|Any CPU
		{13DC9B11-F929-4796-9E81-8E4291E917BB}.Release|Any CPU.ActiveCfg = Release|Any CPU
		{13DC9B11-F929-4796-9E81-8E4291E917BB}.Release|Any CPU.Build.0 = Release|Any CPU
		{424CFBC6-56E1-44A7-819C-038FFA969CC9}.Debug|Any CPU.ActiveCfg = Debug|Any CPU
		{424CFBC6-56E1-44A7-819C-038FFA969CC9}.Debug|Any CPU.Build.0 = Debug|Any CPU
		{424CFBC6-56E1-44A7-819C-038FFA969CC9}.Release|Any CPU.ActiveCfg = Release|Any CPU
		{424CFBC6-56E1-44A7-819C-038FFA969CC9}.Release|Any CPU.Build.0 = Release|Any CPU
		{BE23BAE7-2C29-4D02-B25C-EDD7EA039F55}.Debug|Any CPU.ActiveCfg = Debug|Any CPU
		{BE23BAE7-2C29-4D02-B25C-EDD7EA039F55}.Debug|Any CPU.Build.0 = Debug|Any CPU
		{BE23BAE7-2C29-4D02-B25C-EDD7EA039F55}.Release|Any CPU.ActiveCfg = Release|Any CPU
		{BE23BAE7-2C29-4D02-B25C-EDD7EA039F55}.Release|Any CPU.Build.0 = Release|Any CPU
		{CD41BBD2-3AB6-4C78-ABD8-DC551620C572}.Debug|Any CPU.ActiveCfg = Debug|Any CPU
		{CD41BBD2-3AB6-4C78-ABD8-DC551620C572}.Debug|Any CPU.Build.0 = Debug|Any CPU
		{CD41BBD2-3AB6-4C78-ABD8-DC551620C572}.Release|Any CPU.ActiveCfg = Release|Any CPU
		{CD41BBD2-3AB6-4C78-ABD8-DC551620C572}.Release|Any CPU.Build.0 = Release|Any CPU
		{D8C335A7-9779-4F01-B481-6BFF3050179A}.Debug|Any CPU.ActiveCfg = Debug|Any CPU
		{D8C335A7-9779-4F01-B481-6BFF3050179A}.Debug|Any CPU.Build.0 = Debug|Any CPU
		{D8C335A7-9779-4F01-B481-6BFF3050179A}.Release|Any CPU.ActiveCfg = Release|Any CPU
		{D8C335A7-9779-4F01-B481-6BFF3050179A}.Release|Any CPU.Build.0 = Release|Any CPU
	EndGlobalSection
	GlobalSection(SolutionProperties) = preSolution
		HideSolutionNode = FALSE
	EndGlobalSection
	GlobalSection(NestedProjects) = preSolution
		{00C1A1CF-5231-481F-A3B9-A83A6DEF4B72} = {79744D96-CD07-4319-89CE-32347E6C1482}
		{E53BA4EC-3ABB-46BC-ABF0-B441B27A07E5} = {411B11DF-0D32-4F3C-AD60-7EA9D87A240D}
		{CA580971-054E-4627-8067-F70DB3E6A65C} = {411B11DF-0D32-4F3C-AD60-7EA9D87A240D}
		{13DC9B11-F929-4796-9E81-8E4291E917BB} = {411B11DF-0D32-4F3C-AD60-7EA9D87A240D}
		{424CFBC6-56E1-44A7-819C-038FFA969CC9} = {411B11DF-0D32-4F3C-AD60-7EA9D87A240D}
		{BE23BAE7-2C29-4D02-B25C-EDD7EA039F55} = {C6B09C62-ABA8-44EA-9459-2F2E67A22706}
		{CD41BBD2-3AB6-4C78-ABD8-DC551620C572} = {79744D96-CD07-4319-89CE-32347E6C1482}
		{D8C335A7-9779-4F01-B481-6BFF3050179A} = {C6B09C62-ABA8-44EA-9459-2F2E67A22706}
	EndGlobalSection
	GlobalSection(ExtensibilityGlobals) = postSolution
		SolutionGuid = {D3EEBCA9-F083-4143-96F7-99A6AB364E24}
	EndGlobalSection
EndGlobal
