{
  "version": 3,
  "targets": {
    ".NETStandard,Version=v2.0": {
      "Microsoft.CodeAnalysis.FxCopAnalyzers/2.9.2": {
        "type": "package",
        "dependencies": {
          "Microsoft.CodeAnalysis.VersionCheckAnalyzer": "[2.9.2]",
          "Microsoft.CodeQuality.Analyzers": "[2.9.2]",
          "Microsoft.NetCore.Analyzers": "[2.9.2]",
          "Microsoft.NetFramework.Analyzers": "[2.9.2]"
        },
        "build": {
          "build/Microsoft.CodeAnalysis.FxCopAnalyzers.props": {}
        }
      },
      "Microsoft.CodeAnalysis.VersionCheckAnalyzer/2.9.2": {
        "type": "package",
        "build": {
          "build/Microsoft.CodeAnalysis.VersionCheckAnalyzer.props": {}
        }
      },
      "Microsoft.CodeQuality.Analyzers/2.9.2": {
        "type": "package",
        "build": {
          "build/Microsoft.CodeQuality.Analyzers.props": {}
        }
      },
      "Microsoft.NetCore.Analyzers/2.9.2": {
        "type": "package",
        "build": {
          "build/Microsoft.NetCore.Analyzers.props": {}
        }
      },
      "Microsoft.NETCore.Platforms/1.1.0": {
        "type": "package",
        "compile": {
          "lib/netstandard1.0/_._": {}
        },
        "runtime": {
          "lib/netstandard1.0/_._": {}
        }
      },
      "Microsoft.NetFramework.Analyzers/2.9.2": {
        "type": "package",
        "build": {
          "build/Microsoft.NetFramework.Analyzers.props": {}
        }
      },
      "NETStandard.Library/2.0.3": {
        "type": "package",
        "dependencies": {
          "Microsoft.NETCore.Platforms": "1.1.0"
        },
        "compile": {
          "lib/netstandard1.0/_._": {}
        },
        "runtime": {
          "lib/netstandard1.0/_._": {}
        },
        "build": {
          "build/netstandard2.0/NETStandard.Library.targets": {}
        }
      },
      "Newtonsoft.Json/12.0.2": {
        "type": "package",
        "compile": {
          "lib/netstandard2.0/Newtonsoft.Json.dll": {}
        },
        "runtime": {
          "lib/netstandard2.0/Newtonsoft.Json.dll": {}
        }
      },
      "SoloX.CodeQuality.Test/1.0.0": {
        "type": "package",
        "build": {
          "build/SoloX.CodeQuality.Test.props": {}
        },
        "buildMultiTargeting": {
          "buildMultiTargeting/SoloX.CodeQuality.Test.props": {}
        }
      },
      "StyleCop.Analyzers/1.1.118": {
        "type": "package"
      }
    }
  },
  "libraries": {
    "Microsoft.CodeAnalysis.FxCopAnalyzers/2.9.2": {
      "sha512": "/FET7my2lb3TfKZwP0VipAH19N8y2p7CRGLIxtRYXaBBpOoG0fDCWvF8IaOtipcgZ8/xFmFqVVxjmdEeZFEBBw==",
      "type": "package",
      "path": "microsoft.codeanalysis.fxcopanalyzers/2.9.2",
      "hasTools": true,
      "files": [
        ".nupkg.metadata",
        ".signature.p7s",
        "ThirdPartyNotices.rtf",
        "build/Microsoft.CodeAnalysis.FxCopAnalyzers.props",
        "documentation/Microsoft.CodeAnalysis.FxCopAnalyzers.md",
        "microsoft.codeanalysis.fxcopanalyzers.2.9.2.nupkg.sha512",
        "microsoft.codeanalysis.fxcopanalyzers.nuspec",
        "rulesets/AllRulesDefault.ruleset",
        "rulesets/AllRulesDisabled.ruleset",
        "rulesets/AllRulesEnabled.ruleset",
        "rulesets/DesignRulesDefault.ruleset",
        "rulesets/DesignRulesEnabled.ruleset",
        "rulesets/DocumentationRulesDefault.ruleset",
        "rulesets/DocumentationRulesEnabled.ruleset",
        "rulesets/GlobalizationRulesDefault.ruleset",
        "rulesets/GlobalizationRulesEnabled.ruleset",
        "rulesets/InteroperabilityRulesDefault.ruleset",
        "rulesets/InteroperabilityRulesEnabled.ruleset",
        "rulesets/MaintainabilityRulesDefault.ruleset",
        "rulesets/MaintainabilityRulesEnabled.ruleset",
        "rulesets/NamingRulesDefault.ruleset",
        "rulesets/NamingRulesEnabled.ruleset",
        "rulesets/PerformanceRulesDefault.ruleset",
        "rulesets/PerformanceRulesEnabled.ruleset",
        "rulesets/ReliabilityRulesDefault.ruleset",
        "rulesets/ReliabilityRulesEnabled.ruleset",
        "rulesets/SecurityRulesDefault.ruleset",
        "rulesets/SecurityRulesEnabled.ruleset",
        "rulesets/UsageRulesDefault.ruleset",
        "rulesets/UsageRulesEnabled.ruleset",
        "rulesets/legacy/AllRules.ruleset",
        "rulesets/legacy/BasicCorrectnessRules.ruleset",
        "rulesets/legacy/BasicDesignGuidelineRules.ruleset",
        "rulesets/legacy/ExtendedCorrectnessRules.ruleset",
        "rulesets/legacy/ExtendedDesignGuidelineRules.ruleset",
        "rulesets/legacy/GlobalizationRules.ruleset",
        "rulesets/legacy/ManagedMinimumRules.ruleset",
        "rulesets/legacy/MinimumRecommendedRules.ruleset",
        "rulesets/legacy/Sdl-7.1.Recommended.ruleset",
        "rulesets/legacy/Sdl-7.1.Required.ruleset",
        "rulesets/legacy/SecurityRules.ruleset",
        "tools/install.ps1",
        "tools/uninstall.ps1"
      ]
    },
    "Microsoft.CodeAnalysis.VersionCheckAnalyzer/2.9.2": {
      "sha512": "CqOQrIghQLgd+qS6fv/DcL1//9c142npvQ0VrdHFO30hA6zBs1M+alLXsNM2VzqKTvXhSOQbj8/pZ8Wel2itcw==",
      "type": "package",
      "path": "microsoft.codeanalysis.versioncheckanalyzer/2.9.2",
      "hasTools": true,
      "files": [
        ".nupkg.metadata",
        ".signature.p7s",
        "ThirdPartyNotices.rtf",
        "analyzers/dotnet/Microsoft.CodeAnalysis.VersionCheckAnalyzer.dll",
        "build/Microsoft.CodeAnalysis.VersionCheckAnalyzer.props",
        "documentation/Microsoft.CodeAnalysis.VersionCheckAnalyzer.md",
        "microsoft.codeanalysis.versioncheckanalyzer.2.9.2.nupkg.sha512",
        "microsoft.codeanalysis.versioncheckanalyzer.nuspec",
        "rulesets/AllRulesDefault.ruleset",
        "rulesets/AllRulesDisabled.ruleset",
        "rulesets/AllRulesEnabled.ruleset",
        "rulesets/ReliabilityRulesDefault.ruleset",
        "rulesets/ReliabilityRulesEnabled.ruleset",
        "tools/install.ps1",
        "tools/uninstall.ps1"
      ]
    },
    "Microsoft.CodeQuality.Analyzers/2.9.2": {
      "sha512": "RXI6ymLMEjxEFBaDFYDj0K5PdfEQETqxEv1Gum6ieL0BHPqsre2po+X8Dq2FnL/5b2mESxNtgRX/rhwGlD7MFQ==",
      "type": "package",
      "path": "microsoft.codequality.analyzers/2.9.2",
      "hasTools": true,
      "files": [
        ".nupkg.metadata",
        ".signature.p7s",
        "ThirdPartyNotices.rtf",
        "analyzers/dotnet/cs/Humanizer.dll",
        "analyzers/dotnet/cs/Microsoft.CodeQuality.Analyzers.dll",
        "analyzers/dotnet/cs/Microsoft.CodeQuality.CSharp.Analyzers.dll",
        "analyzers/dotnet/vb/Humanizer.dll",
        "analyzers/dotnet/vb/Microsoft.CodeQuality.Analyzers.dll",
        "analyzers/dotnet/vb/Microsoft.CodeQuality.VisualBasic.Analyzers.dll",
        "build/Microsoft.CodeQuality.Analyzers.props",
        "documentation/Microsoft.CodeQuality.Analyzers.md",
        "microsoft.codequality.analyzers.2.9.2.nupkg.sha512",
        "microsoft.codequality.analyzers.nuspec",
        "rulesets/AllRulesDefault.ruleset",
        "rulesets/AllRulesDisabled.ruleset",
        "rulesets/AllRulesEnabled.ruleset",
        "rulesets/DesignRulesDefault.ruleset",
        "rulesets/DesignRulesEnabled.ruleset",
        "rulesets/DocumentationRulesDefault.ruleset",
        "rulesets/DocumentationRulesEnabled.ruleset",
        "rulesets/MaintainabilityRulesDefault.ruleset",
        "rulesets/MaintainabilityRulesEnabled.ruleset",
        "rulesets/NamingRulesDefault.ruleset",
        "rulesets/NamingRulesEnabled.ruleset",
        "rulesets/PerformanceRulesDefault.ruleset",
        "rulesets/PerformanceRulesEnabled.ruleset",
        "rulesets/ReliabilityRulesDefault.ruleset",
        "rulesets/ReliabilityRulesEnabled.ruleset",
        "rulesets/SecurityRulesDefault.ruleset",
        "rulesets/SecurityRulesEnabled.ruleset",
        "rulesets/UsageRulesDefault.ruleset",
        "rulesets/UsageRulesEnabled.ruleset",
        "tools/install.ps1",
        "tools/uninstall.ps1"
      ]
    },
    "Microsoft.NetCore.Analyzers/2.9.2": {
      "sha512": "SLCvjexhfwWzlyHYDQ6zMAOgC0gXTLe4kc02LhZ4GTqx7HQ7FXwX1DZrcFZ4AGYLqjCAvJKPpxBF+4jxh1rdkQ==",
      "type": "package",
      "path": "microsoft.netcore.analyzers/2.9.2",
      "hasTools": true,
      "files": [
        ".nupkg.metadata",
        ".signature.p7s",
        "ThirdPartyNotices.rtf",
        "analyzers/dotnet/cs/Microsoft.NetCore.Analyzers.dll",
        "analyzers/dotnet/cs/Microsoft.NetCore.CSharp.Analyzers.dll",
        "analyzers/dotnet/vb/Microsoft.NetCore.Analyzers.dll",
        "analyzers/dotnet/vb/Microsoft.NetCore.VisualBasic.Analyzers.dll",
        "build/Microsoft.NetCore.Analyzers.props",
        "documentation/Microsoft.NetCore.Analyzers.md",
        "microsoft.netcore.analyzers.2.9.2.nupkg.sha512",
        "microsoft.netcore.analyzers.nuspec",
        "rulesets/AllRulesDefault.ruleset",
        "rulesets/AllRulesDisabled.ruleset",
        "rulesets/AllRulesEnabled.ruleset",
        "rulesets/GlobalizationRulesDefault.ruleset",
        "rulesets/GlobalizationRulesEnabled.ruleset",
        "rulesets/InteroperabilityRulesDefault.ruleset",
        "rulesets/InteroperabilityRulesEnabled.ruleset",
        "rulesets/PerformanceRulesDefault.ruleset",
        "rulesets/PerformanceRulesEnabled.ruleset",
        "rulesets/ReliabilityRulesDefault.ruleset",
        "rulesets/ReliabilityRulesEnabled.ruleset",
        "rulesets/SecurityRulesDefault.ruleset",
        "rulesets/SecurityRulesEnabled.ruleset",
        "rulesets/UsageRulesDefault.ruleset",
        "rulesets/UsageRulesEnabled.ruleset",
        "tools/install.ps1",
        "tools/uninstall.ps1"
      ]
    },
    "Microsoft.NETCore.Platforms/1.1.0": {
      "sha512": "FedtanRHnEWONlYgdHw/wSGB8bveWqXXARjGsrS6wCHbp6gtX3y/KsaeTIT8CTGA3AtwfIn4AJR2fm8DXZZnrA==",
      "type": "package",
      "path": "microsoft.netcore.platforms/1.1.0",
      "files": [
        ".nupkg.metadata",
        "ThirdPartyNotices.txt",
        "dotnet_library_license.txt",
        "lib/netstandard1.0/_._",
        "microsoft.netcore.platforms.1.1.0.nupkg.sha512",
        "microsoft.netcore.platforms.nuspec",
        "runtime.json"
      ]
    },
    "Microsoft.NetFramework.Analyzers/2.9.2": {
      "sha512": "EPRERBljfESjfx/DFCzqAVwkVu2bqvbX79/CxcAEpQiVIFjfdqwC9wkdtg/3lM4xshG4DZfaUwH/RkR8hbchsQ==",
      "type": "package",
      "path": "microsoft.netframework.analyzers/2.9.2",
      "hasTools": true,
      "files": [
        ".nupkg.metadata",
        ".signature.p7s",
        "ThirdPartyNotices.rtf",
        "analyzers/dotnet/cs/Microsoft.NetFramework.Analyzers.dll",
        "analyzers/dotnet/cs/Microsoft.NetFramework.CSharp.Analyzers.dll",
        "analyzers/dotnet/vb/Microsoft.NetFramework.Analyzers.dll",
        "analyzers/dotnet/vb/Microsoft.NetFramework.VisualBasic.Analyzers.dll",
        "build/Microsoft.NetFramework.Analyzers.props",
        "documentation/Microsoft.NetFramework.Analyzers.md",
        "microsoft.netframework.analyzers.2.9.2.nupkg.sha512",
        "microsoft.netframework.analyzers.nuspec",
        "rulesets/AllRulesDefault.ruleset",
        "rulesets/AllRulesDisabled.ruleset",
        "rulesets/AllRulesEnabled.ruleset",
        "rulesets/DesignRulesDefault.ruleset",
        "rulesets/DesignRulesEnabled.ruleset",
        "rulesets/SecurityRulesDefault.ruleset",
        "rulesets/SecurityRulesEnabled.ruleset",
        "tools/install.ps1",
        "tools/uninstall.ps1"
      ]
    },
    "NETStandard.Library/2.0.3": {
      "sha512": "st47PosZSHrjECdjeIzZQbzivYBJFv6P2nv4cj2ypdI204DO+vZ7l5raGMiX4eXMJ53RfOIg+/s4DHVZ54Nu2A==",
      "type": "package",
      "path": "netstandard.library/2.0.3",
      "files": [
        ".nupkg.metadata",
        "LICENSE.TXT",
        "THIRD-PARTY-NOTICES.TXT",
        "build/netstandard2.0/NETStandard.Library.targets",
        "build/netstandard2.0/ref/Microsoft.Win32.Primitives.dll",
        "build/netstandard2.0/ref/System.AppContext.dll",
        "build/netstandard2.0/ref/System.Collections.Concurrent.dll",
        "build/netstandard2.0/ref/System.Collections.NonGeneric.dll",
        "build/netstandard2.0/ref/System.Collections.Specialized.dll",
        "build/netstandard2.0/ref/System.Collections.dll",
        "build/netstandard2.0/ref/System.ComponentModel.Composition.dll",
        "build/netstandard2.0/ref/System.ComponentModel.EventBasedAsync.dll",
        "build/netstandard2.0/ref/System.ComponentModel.Primitives.dll",
        "build/netstandard2.0/ref/System.ComponentModel.TypeConverter.dll",
        "build/netstandard2.0/ref/System.ComponentModel.dll",
        "build/netstandard2.0/ref/System.Console.dll",
        "build/netstandard2.0/ref/System.Core.dll",
        "build/netstandard2.0/ref/System.Data.Common.dll",
        "build/netstandard2.0/ref/System.Data.dll",
        "build/netstandard2.0/ref/System.Diagnostics.Contracts.dll",
        "build/netstandard2.0/ref/System.Diagnostics.Debug.dll",
        "build/netstandard2.0/ref/System.Diagnostics.FileVersionInfo.dll",
        "build/netstandard2.0/ref/System.Diagnostics.Process.dll",
        "build/netstandard2.0/ref/System.Diagnostics.StackTrace.dll",
        "build/netstandard2.0/ref/System.Diagnostics.TextWriterTraceListener.dll",
        "build/netstandard2.0/ref/System.Diagnostics.Tools.dll",
        "build/netstandard2.0/ref/System.Diagnostics.TraceSource.dll",
        "build/netstandard2.0/ref/System.Diagnostics.Tracing.dll",
        "build/netstandard2.0/ref/System.Drawing.Primitives.dll",
        "build/netstandard2.0/ref/System.Drawing.dll",
        "build/netstandard2.0/ref/System.Dynamic.Runtime.dll",
        "build/netstandard2.0/ref/System.Globalization.Calendars.dll",
        "build/netstandard2.0/ref/System.Globalization.Extensions.dll",
        "build/netstandard2.0/ref/System.Globalization.dll",
        "build/netstandard2.0/ref/System.IO.Compression.FileSystem.dll",
        "build/netstandard2.0/ref/System.IO.Compression.ZipFile.dll",
        "build/netstandard2.0/ref/System.IO.Compression.dll",
        "build/netstandard2.0/ref/System.IO.FileSystem.DriveInfo.dll",
        "build/netstandard2.0/ref/System.IO.FileSystem.Primitives.dll",
        "build/netstandard2.0/ref/System.IO.FileSystem.Watcher.dll",
        "build/netstandard2.0/ref/System.IO.FileSystem.dll",
        "build/netstandard2.0/ref/System.IO.IsolatedStorage.dll",
        "build/netstandard2.0/ref/System.IO.MemoryMappedFiles.dll",
        "build/netstandard2.0/ref/System.IO.Pipes.dll",
        "build/netstandard2.0/ref/System.IO.UnmanagedMemoryStream.dll",
        "build/netstandard2.0/ref/System.IO.dll",
        "build/netstandard2.0/ref/System.Linq.Expressions.dll",
        "build/netstandard2.0/ref/System.Linq.Parallel.dll",
        "build/netstandard2.0/ref/System.Linq.Queryable.dll",
        "build/netstandard2.0/ref/System.Linq.dll",
        "build/netstandard2.0/ref/System.Net.Http.dll",
        "build/netstandard2.0/ref/System.Net.NameResolution.dll",
        "build/netstandard2.0/ref/System.Net.NetworkInformation.dll",
        "build/netstandard2.0/ref/System.Net.Ping.dll",
        "build/netstandard2.0/ref/System.Net.Primitives.dll",
        "build/netstandard2.0/ref/System.Net.Requests.dll",
        "build/netstandard2.0/ref/System.Net.Security.dll",
        "build/netstandard2.0/ref/System.Net.Sockets.dll",
        "build/netstandard2.0/ref/System.Net.WebHeaderCollection.dll",
        "build/netstandard2.0/ref/System.Net.WebSockets.Client.dll",
        "build/netstandard2.0/ref/System.Net.WebSockets.dll",
        "build/netstandard2.0/ref/System.Net.dll",
        "build/netstandard2.0/ref/System.Numerics.dll",
        "build/netstandard2.0/ref/System.ObjectModel.dll",
        "build/netstandard2.0/ref/System.Reflection.Extensions.dll",
        "build/netstandard2.0/ref/System.Reflection.Primitives.dll",
        "build/netstandard2.0/ref/System.Reflection.dll",
        "build/netstandard2.0/ref/System.Resources.Reader.dll",
        "build/netstandard2.0/ref/System.Resources.ResourceManager.dll",
        "build/netstandard2.0/ref/System.Resources.Writer.dll",
        "build/netstandard2.0/ref/System.Runtime.CompilerServices.VisualC.dll",
        "build/netstandard2.0/ref/System.Runtime.Extensions.dll",
        "build/netstandard2.0/ref/System.Runtime.Handles.dll",
        "build/netstandard2.0/ref/System.Runtime.InteropServices.RuntimeInformation.dll",
        "build/netstandard2.0/ref/System.Runtime.InteropServices.dll",
        "build/netstandard2.0/ref/System.Runtime.Numerics.dll",
        "build/netstandard2.0/ref/System.Runtime.Serialization.Formatters.dll",
        "build/netstandard2.0/ref/System.Runtime.Serialization.Json.dll",
        "build/netstandard2.0/ref/System.Runtime.Serialization.Primitives.dll",
        "build/netstandard2.0/ref/System.Runtime.Serialization.Xml.dll",
        "build/netstandard2.0/ref/System.Runtime.Serialization.dll",
        "build/netstandard2.0/ref/System.Runtime.dll",
        "build/netstandard2.0/ref/System.Security.Claims.dll",
        "build/netstandard2.0/ref/System.Security.Cryptography.Algorithms.dll",
        "build/netstandard2.0/ref/System.Security.Cryptography.Csp.dll",
        "build/netstandard2.0/ref/System.Security.Cryptography.Encoding.dll",
        "build/netstandard2.0/ref/System.Security.Cryptography.Primitives.dll",
        "build/netstandard2.0/ref/System.Security.Cryptography.X509Certificates.dll",
        "build/netstandard2.0/ref/System.Security.Principal.dll",
        "build/netstandard2.0/ref/System.Security.SecureString.dll",
        "build/netstandard2.0/ref/System.ServiceModel.Web.dll",
        "build/netstandard2.0/ref/System.Text.Encoding.Extensions.dll",
        "build/netstandard2.0/ref/System.Text.Encoding.dll",
        "build/netstandard2.0/ref/System.Text.RegularExpressions.dll",
        "build/netstandard2.0/ref/System.Threading.Overlapped.dll",
        "build/netstandard2.0/ref/System.Threading.Tasks.Parallel.dll",
        "build/netstandard2.0/ref/System.Threading.Tasks.dll",
        "build/netstandard2.0/ref/System.Threading.Thread.dll",
        "build/netstandard2.0/ref/System.Threading.ThreadPool.dll",
        "build/netstandard2.0/ref/System.Threading.Timer.dll",
        "build/netstandard2.0/ref/System.Threading.dll",
        "build/netstandard2.0/ref/System.Transactions.dll",
        "build/netstandard2.0/ref/System.ValueTuple.dll",
        "build/netstandard2.0/ref/System.Web.dll",
        "build/netstandard2.0/ref/System.Windows.dll",
        "build/netstandard2.0/ref/System.Xml.Linq.dll",
        "build/netstandard2.0/ref/System.Xml.ReaderWriter.dll",
        "build/netstandard2.0/ref/System.Xml.Serialization.dll",
        "build/netstandard2.0/ref/System.Xml.XDocument.dll",
        "build/netstandard2.0/ref/System.Xml.XPath.XDocument.dll",
        "build/netstandard2.0/ref/System.Xml.XPath.dll",
        "build/netstandard2.0/ref/System.Xml.XmlDocument.dll",
        "build/netstandard2.0/ref/System.Xml.XmlSerializer.dll",
        "build/netstandard2.0/ref/System.Xml.dll",
        "build/netstandard2.0/ref/System.dll",
        "build/netstandard2.0/ref/mscorlib.dll",
        "build/netstandard2.0/ref/netstandard.dll",
        "build/netstandard2.0/ref/netstandard.xml",
        "lib/netstandard1.0/_._",
        "netstandard.library.2.0.3.nupkg.sha512",
        "netstandard.library.nuspec"
      ]
    },
    "Newtonsoft.Json/12.0.2": {
      "sha512": "rTK0s2EKlfHsQsH6Yx2smvcTCeyoDNgCW7FEYyV01drPlh2T243PR2DiDXqtC5N4GDm4Ma/lkxfW5a/4793vbA==",
      "type": "package",
      "path": "newtonsoft.json/12.0.2",
      "files": [
        ".nupkg.metadata",
        ".signature.p7s",
        "LICENSE.md",
        "lib/net20/Newtonsoft.Json.dll",
        "lib/net20/Newtonsoft.Json.xml",
        "lib/net35/Newtonsoft.Json.dll",
        "lib/net35/Newtonsoft.Json.xml",
        "lib/net40/Newtonsoft.Json.dll",
        "lib/net40/Newtonsoft.Json.xml",
        "lib/net45/Newtonsoft.Json.dll",
        "lib/net45/Newtonsoft.Json.xml",
        "lib/netstandard1.0/Newtonsoft.Json.dll",
        "lib/netstandard1.0/Newtonsoft.Json.xml",
        "lib/netstandard1.3/Newtonsoft.Json.dll",
        "lib/netstandard1.3/Newtonsoft.Json.xml",
        "lib/netstandard2.0/Newtonsoft.Json.dll",
        "lib/netstandard2.0/Newtonsoft.Json.xml",
        "lib/portable-net40+sl5+win8+wp8+wpa81/Newtonsoft.Json.dll",
        "lib/portable-net40+sl5+win8+wp8+wpa81/Newtonsoft.Json.xml",
        "lib/portable-net45+win8+wp8+wpa81/Newtonsoft.Json.dll",
        "lib/portable-net45+win8+wp8+wpa81/Newtonsoft.Json.xml",
        "newtonsoft.json.12.0.2.nupkg.sha512",
        "newtonsoft.json.nuspec"
      ]
    },
    "SoloX.CodeQuality.Test/1.0.0": {
      "sha512": "as/5nCnOttq9gjucVZMXeJWRYldpmsT0v09CMlsa7Uv6iH9O1KdBHOO92Ny01Zd/Le2GsyU6QF1kod3W2Rxu/g==",
      "type": "package",
      "path": "solox.codequality.test/1.0.0",
      "files": [
        ".nupkg.metadata",
        ".signature.p7s",
        "build/SoloX.CodeQuality.Test.props",
        "buildMultiTargeting/SoloX.CodeQuality.Test.props",
        "resources/stylecop.json",
        "solox.codequality.test.1.0.0.nupkg.sha512",
        "solox.codequality.test.nuspec"
      ]
    },
    "StyleCop.Analyzers/1.1.118": {
      "sha512": "Onx6ovGSqXSK07n/0eM3ZusiNdB6cIlJdabQhWGgJp3Vooy9AaLS/tigeybOJAobqbtggTamoWndz72JscZBvw==",
      "type": "package",
      "path": "stylecop.analyzers/1.1.118",
      "hasTools": true,
      "files": [
        ".nupkg.metadata",
        ".signature.p7s",
        "LICENSE",
        "THIRD-PARTY-NOTICES.txt",
        "analyzers/dotnet/cs/StyleCop.Analyzers.CodeFixes.dll",
        "analyzers/dotnet/cs/StyleCop.Analyzers.dll",
        "analyzers/dotnet/cs/de-DE/StyleCop.Analyzers.resources.dll",
        "analyzers/dotnet/cs/en-GB/StyleCop.Analyzers.resources.dll",
        "analyzers/dotnet/cs/es-MX/StyleCop.Analyzers.resources.dll",
        "analyzers/dotnet/cs/fr-FR/StyleCop.Analyzers.resources.dll",
        "analyzers/dotnet/cs/pl-PL/StyleCop.Analyzers.resources.dll",
        "analyzers/dotnet/cs/pt-BR/StyleCop.Analyzers.resources.dll",
        "analyzers/dotnet/cs/ru-RU/StyleCop.Analyzers.resources.dll",
        "stylecop.analyzers.1.1.118.nupkg.sha512",
        "stylecop.analyzers.nuspec",
        "tools/install.ps1",
        "tools/uninstall.ps1"
      ]
    }
  },
  "projectFileDependencyGroups": {
    ".NETStandard,Version=v2.0": [
      "Microsoft.CodeAnalysis.FxCopAnalyzers >= 2.9.2",
      "NETStandard.Library >= 2.0.3",
      "Newtonsoft.Json >= 12.0.2",
      "SoloX.CodeQuality.Test >= 1.0.0",
      "StyleCop.Analyzers >= 1.1.118"
    ]
  },
  "packageFolders": {
    "C:\\Users\\Xavier\\.nuget\\packages\\": {},
    "C:\\Microsoft\\Xamarin\\NuGet\\": {},
    "C:\\Program Files\\dotnet\\sdk\\NuGetFallbackFolder": {}
  },
  "project": {
    "version": "1.0.0",
    "restore": {
      "projectUniqueName": "C:\\Work\\Net\\GeneratorTools\\src\\tests\\SoloX.GeneratorTools.Core.CSharp.Sample1\\SoloX.GeneratorTools.Core.CSharp.Sample1.csproj",
      "projectName": "SoloX.GeneratorTools.Core.CSharp.Sample1",
      "projectPath": "C:\\Work\\Net\\GeneratorTools\\src\\tests\\SoloX.GeneratorTools.Core.CSharp.Sample1\\SoloX.GeneratorTools.Core.CSharp.Sample1.csproj",
      "packagesPath": "C:\\Users\\Xavier\\.nuget\\packages\\",
      "outputPath": "C:\\Work\\Net\\GeneratorTools\\src\\tests\\SoloX.GeneratorTools.Core.CSharp.Sample1\\obj\\",
      "projectStyle": "PackageReference",
      "fallbackFolders": [
        "C:\\Microsoft\\Xamarin\\NuGet\\",
        "C:\\Program Files\\dotnet\\sdk\\NuGetFallbackFolder"
      ],
      "configFilePaths": [
        "C:\\Users\\Xavier\\AppData\\Roaming\\NuGet\\NuGet.Config",
        "C:\\Program Files (x86)\\NuGet\\Config\\Microsoft.VisualStudio.Offline.config",
        "C:\\Program Files (x86)\\NuGet\\Config\\Xamarin.Offline.config"
      ],
      "originalTargetFrameworks": [
        "netstandard2.0"
      ],
      "sources": {
        "C:\\Program Files (x86)\\Microsoft SDKs\\NuGetPackages\\": {},
        "https://api.nuget.org/v3/index.json": {}
      },
      "frameworks": {
        "netstandard2.0": {
          "projectReferences": {}
        }
      },
      "warningProperties": {
        "allWarningsAsErrors": true,
        "warnAsError": [
          "NU1605"
        ]
      }
    },
    "frameworks": {
      "netstandard2.0": {
        "dependencies": {
          "Microsoft.CodeAnalysis.FxCopAnalyzers": {
            "include": "Runtime, Build, Native, ContentFiles, Analyzers",
            "suppressParent": "All",
            "target": "Package",
            "version": "[2.9.2, )"
          },
          "NETStandard.Library": {
            "suppressParent": "All",
            "target": "Package",
            "version": "[2.0.3, )",
            "autoReferenced": true
          },
          "Newtonsoft.Json": {
            "target": "Package",
            "version": "[12.0.2, )"
          },
          "SoloX.CodeQuality.Test": {
            "target": "Package",
            "version": "[1.0.0, )"
          },
          "StyleCop.Analyzers": {
            "include": "Runtime, Build, Native, ContentFiles, Analyzers",
            "suppressParent": "All",
            "target": "Package",
            "version": "[1.1.118, )"
          }
        },
        "imports": [
          "net461"
        ],
        "assetTargetFallback": true,
        "warn": true
      }
    }
  }
}